
Microsoft Visual Studio Solution File, Format Version 11.00
# Visual Studio 2010
Project("{FAE04EC0-301F-11D3-BF4B-00C04F79EFBC}") = "Ormongo.Ancestry", "Ormongo.Ancestry\Ormongo.Ancestry.csproj", "{0EA7673A-77BA-480B-8FEB-4EBB270A2888}"
EndProject
Project("{FAE04EC0-301F-11D3-BF4B-00C04F79EFBC}") = "Ormongo.Ancestry.Tests", "Ormongo.Ancestry.Tests\Ormongo.Ancestry.Tests.csproj", "{FC1C075F-FFB3-4C46-85C2-A81FE9707041}"
EndProject
Global
	GlobalSection(SolutionConfigurationPlatforms) = preSolution
		Debug|Any CPU = Debug|Any CPU
		Release|Any CPU = Release|Any CPU
	EndGlobalSection
	GlobalSection(ProjectConfigurationPlatforms) = postSolution
		{0EA7673A-77BA-480B-8FEB-4EBB270A2888}.Debug|Any CPU.ActiveCfg = Debug|Any CPU
		{0EA7673A-77BA-480B-8FEB-4EBB270A2888}.Debug|Any CPU.Build.0 = Debug|Any CPU
		{0EA7673A-77BA-480B-8FEB-4EBB270A2888}.Release|Any CPU.ActiveCfg = Release|Any CPU
		{0EA7673A-77BA-480B-8FEB-4EBB270A2888}.Release|Any CPU.Build.0 = Release|Any CPU
		{FC1C075F-FFB3-4C46-85C2-A81FE9707041}.Debug|Any CPU.ActiveCfg = Debug|Any CPU
		{FC1C075F-FFB3-4C46-85C2-A81FE9707041}.Debug|Any CPU.Build.0 = Debug|Any CPU
		{FC1C075F-FFB3-4C46-85C2-A81FE9707041}.Release|Any CPU.ActiveCfg = Release|Any CPU
		{FC1C075F-FFB3-4C46-85C2-A81FE9707041}.Release|Any CPU.Build.0 = Release|Any CPU
	EndGlobalSection
	GlobalSection(SolutionProperties) = preSolution
		HideSolutionNode = FALSE
	EndGlobalSection
EndGlobal
